
Microsoft Visual Studio Solution File, Format Version 12.00
# Visual Studio 15
VisualStudioVersion = 15.0.28307.757
MinimumVisualStudioVersion = 10.0.40219.1
Project("{8BC9CEB8-8B4A-11D0-8D11-00A0C91BC942}") = "game", "game\game.vcxproj", "{95D04B59-42A0-4DE4-8647-074F15E8421F}"
EndProject
Global
	GlobalSection(SolutionConfigurationPlatforms) = preSolution
		Debug|x86 = Debug|x86
		Release|x86 = Release|x86
	EndGlobalSection
	GlobalSection(ProjectConfigurationPlatforms) = postSolution
		{95D04B59-42A0-4DE4-8647-074F15E8421F}.Debug|x86.ActiveCfg = Debug|Win32
		{95D04B59-42A0-4DE4-8647-074F15E8421F}.Debug|x86.Build.0 = Debug|Win32
		{95D04B59-42A0-4DE4-8647-074F15E8421F}.Release|x86.ActiveCfg = Release|Win32
		{95D04B59-42A0-4DE4-8647-074F15E8421F}.Release|x86.Build.0 = Release|Win32
	EndGlobalSection
	GlobalSection(SolutionProperties) = preSolution
		HideSolutionNode = FALSE
	EndGlobalSection
	GlobalSection(ExtensibilityGlobals) = postSolution
		SolutionGuid = {F999A8A7-5D30-4F82-AF72-76E0BCB43A0E}
	EndGlobalSection
EndGlobal
